// !$*UTF8*$!
{
	archiveVersion = 1;
	classes = {
	};
	objectVersion = 52;
	objects = {

/* Begin PBXBuildFile section */
		837EC3EA246D8E8D0005C339 /* DIYDragy_Framework.framework in Frameworks */ = {isa = PBXBuildFile; fileRef = 837EC3E9246D8E8D0005C339 /* DIYDragy_Framework.framework */; };
		838D23CF2481A2DF00148D0C /* main.swift in Sources */ = {isa = PBXBuildFile; fileRef = 838D23CE2481A2DE00148D0C /* main.swift */; };
		83F502EA2469EE6100A5440E /* Lilliput in Frameworks */ = {isa = PBXBuildFile; productRef = 83F502E92469EE6100A5440E /* Lilliput */; };
/* End PBXBuildFile section */

/* Begin PBXCopyFilesBuildPhase section */
		833365E4245C7D780085C22E /* CopyFiles */ = {
			isa = PBXCopyFilesBuildPhase;
			buildActionMask = 2147483647;
			dstPath = /usr/share/man/man1/;
			dstSubfolderSpec = 0;
			files = (
			);
			runOnlyForDeploymentPostprocessing = 1;
		};
/* End PBXCopyFilesBuildPhase section */

/* Begin PBXFileReference section */
		831B61E2246D8BB100617AEA /* libsqlite3.tbd */ = {isa = PBXFileReference; lastKnownFileType = "sourcecode.text-based-dylib-definition"; name = libsqlite3.tbd; path = usr/lib/libsqlite3.tbd; sourceTree = SDKROOT; };
		833365E6245C7D780085C22E /* DIYDragy */ = {isa = PBXFileReference; explicitFileType = "compiled.mach-o.executable"; includeInIndex = 0; path = DIYDragy; sourceTree = BUILT_PRODUCTS_DIR; };
		836B33A9245C822F00BAC010 /* DIYDraggy.framework */ = {isa = PBXFileReference; explicitFileType = wrapper.framework; path = DIYDraggy.framework; sourceTree = BUILT_PRODUCTS_DIR; };
		837EC3E9246D8E8D0005C339 /* DIYDragy_Framework.framework */ = {isa = PBXFileReference; explicitFileType = wrapper.framework; path = DIYDragy_Framework.framework; sourceTree = BUILT_PRODUCTS_DIR; };
		838D23CE2481A2DE00148D0C /* main.swift */ = {isa = PBXFileReference; fileEncoding = 4; lastKnownFileType = sourcecode.swift; path = main.swift; sourceTree = SOURCE_ROOT; };
/* End PBXFileReference section */

/* Begin PBXFrameworksBuildPhase section */
		833365E3245C7D780085C22E /* Frameworks */ = {
			isa = PBXFrameworksBuildPhase;
			buildActionMask = 2147483647;
			files = (
				837EC3EA246D8E8D0005C339 /* DIYDragy_Framework.framework in Frameworks */,
				83F502EA2469EE6100A5440E /* Lilliput in Frameworks */,
			);
			runOnlyForDeploymentPostprocessing = 0;
		};
/* End PBXFrameworksBuildPhase section */

/* Begin PBXGroup section */
		833365DD245C7D770085C22E = {
			isa = PBXGroup;
			children = (
				833365E8245C7D780085C22E /* DIYDragy */,
				833365E7245C7D780085C22E /* Products */,
				833365F0245C7DFB0085C22E /* Frameworks */,
			);
			sourceTree = "<group>";
		};
		833365E7245C7D780085C22E /* Products */ = {
			isa = PBXGroup;
			children = (
				833365E6245C7D780085C22E /* DIYDragy */,
			);
			name = Products;
			sourceTree = "<group>";
		};
		833365E8245C7D780085C22E /* DIYDragy */ = {
			isa = PBXGroup;
			children = (
				838D23CE2481A2DE00148D0C /* main.swift */,
			);
			path = DIYDragy;
			sourceTree = "<group>";
		};
		833365F0245C7DFB0085C22E /* Frameworks */ = {
			isa = PBXGroup;
			children = (
				837EC3E9246D8E8D0005C339 /* DIYDragy_Framework.framework */,
				831B61E2246D8BB100617AEA /* libsqlite3.tbd */,
				836B33A9245C822F00BAC010 /* DIYDraggy.framework */,
			);
			name = Frameworks;
			sourceTree = "<group>";
		};
/* End PBXGroup section */

/* Begin PBXNativeTarget section */
		833365E5245C7D780085C22E /* DIYDragy */ = {
			isa = PBXNativeTarget;
			buildConfigurationList = 833365ED245C7D780085C22E /* Build configuration list for PBXNativeTarget "DIYDragy" */;
			buildPhases = (
				833365E2245C7D780085C22E /* Sources */,
				833365E3245C7D780085C22E /* Frameworks */,
				833365E4245C7D780085C22E /* CopyFiles */,
			);
			buildRules = (
			);
			dependencies = (
			);
			name = DIYDragy;
			packageProductDependencies = (
				83F502E92469EE6100A5440E /* Lilliput */,
			);
			productName = DIYDragy;
			productReference = 833365E6245C7D780085C22E /* DIYDragy */;
			productType = "com.apple.product-type.tool";
		};
/* End PBXNativeTarget section */

/* Begin PBXProject section */
		833365DE245C7D770085C22E /* Project object */ = {
			isa = PBXProject;
			attributes = {
				LastSwiftUpdateCheck = 1140;
				LastUpgradeCheck = 1140;
				ORGANIZATIONNAME = "Chris Whiteford";
				TargetAttributes = {
					833365E5245C7D780085C22E = {
						CreatedOnToolsVersion = 11.4.1;
						LastSwiftMigration = 1150;
					};
				};
			};
			buildConfigurationList = 833365E1245C7D770085C22E /* Build configuration list for PBXProject "Mac" */;
			compatibilityVersion = "Xcode 9.3";
			developmentRegion = en;
			hasScannedForEncodings = 0;
			knownRegions = (
				en,
				Base,
			);
			mainGroup = 833365DD245C7D770085C22E;
			packageReferences = (
				83F502E82469EE6100A5440E /* XCRemoteSwiftPackageReference "Lilliput" */,
			);
			productRefGroup = 833365E7245C7D780085C22E /* Products */;
			projectDirPath = "";
			projectRoot = "";
			targets = (
				833365E5245C7D780085C22E /* DIYDragy */,
			);
		};
/* End PBXProject section */

/* Begin PBXSourcesBuildPhase section */
		833365E2245C7D780085C22E /* Sources */ = {
			isa = PBXSourcesBuildPhase;
			buildActionMask = 2147483647;
			files = (
				838D23CF2481A2DF00148D0C /* main.swift in Sources */,
			);
			runOnlyForDeploymentPostprocessing = 0;
		};
/* End PBXSourcesBuildPhase section */

/* Begin XCBuildConfiguration section */
		833365EB245C7D780085C22E /* Debug */ = {
			isa = XCBuildConfiguration;
			buildSettings = {
				ALWAYS_SEARCH_USER_PATHS = NO;
				CLANG_ANALYZER_NONNULL = YES;
				CLANG_ANALYZER_NUMBER_OBJECT_CONVERSION = YES_AGGRESSIVE;
				CLANG_CXX_LANGUAGE_STANDARD = "gnu++14";
				CLANG_CXX_LIBRARY = "libc++";
				CLANG_ENABLE_MODULES = YES;
				CLANG_ENABLE_OBJC_ARC = YES;
				CLANG_ENABLE_OBJC_WEAK = YES;
				CLANG_WARN_BLOCK_CAPTURE_AUTORELEASING = YES;
				CLANG_WARN_BOOL_CONVERSION = YES;
				CLANG_WARN_COMMA = YES;
				CLANG_WARN_CONSTANT_CONVERSION = YES;
				CLANG_WARN_DEPRECATED_OBJC_IMPLEMENTATIONS = YES;
				CLANG_WARN_DIRECT_OBJC_ISA_USAGE = YES_ERROR;
				CLANG_WARN_DOCUMENTATION_COMMENTS = YES;
				CLANG_WARN_EMPTY_BODY = YES;
				CLANG_WARN_ENUM_CONVERSION = YES;
				CLANG_WARN_INFINITE_RECURSION = YES;
				CLANG_WARN_INT_CONVERSION = YES;
				CLANG_WARN_NON_LITERAL_NULL_CONVERSION = YES;
				CLANG_WARN_OBJC_IMPLICIT_RETAIN_SELF = YES;
				CLANG_WARN_OBJC_LITERAL_CONVERSION = YES;
				CLANG_WARN_OBJC_ROOT_CLASS = YES_ERROR;
				CLANG_WARN_RANGE_LOOP_ANALYSIS = YES;
				CLANG_WARN_STRICT_PROTOTYPES = YES;
				CLANG_WARN_SUSPICIOUS_MOVE = YES;
				CLANG_WARN_UNGUARDED_AVAILABILITY = YES_AGGRESSIVE;
				CLANG_WARN_UNREACHABLE_CODE = YES;
				CLANG_WARN__DUPLICATE_METHOD_MATCH = YES;
				COPY_PHASE_STRIP = NO;
				DEBUG_INFORMATION_FORMAT = dwarf;
				ENABLE_STRICT_OBJC_MSGSEND = YES;
				ENABLE_TESTABILITY = YES;
				GCC_C_LANGUAGE_STANDARD = gnu11;
				GCC_DYNAMIC_NO_PIC = NO;
				GCC_NO_COMMON_BLOCKS = YES;
				GCC_OPTIMIZATION_LEVEL = 0;
				GCC_PREPROCESSOR_DEFINITIONS = (
					"DEBUG=1",
					"$(inherited)",
				);
				GCC_WARN_64_TO_32_BIT_CONVERSION = YES;
				GCC_WARN_ABOUT_RETURN_TYPE = YES_ERROR;
				GCC_WARN_UNDECLARED_SELECTOR = YES;
				GCC_WARN_UNINITIALIZED_AUTOS = YES_AGGRESSIVE;
				GCC_WARN_UNUSED_FUNCTION = YES;
				GCC_WARN_UNUSED_VARIABLE = YES;
				MACOSX_DEPLOYMENT_TARGET = 10.15;
				MTL_ENABLE_DEBUG_INFO = INCLUDE_SOURCE;
				MTL_FAST_MATH = YES;
				ONLY_ACTIVE_ARCH = YES;
				SDKROOT = macosx;
				SWIFT_ACTIVE_COMPILATION_CONDITIONS = DEBUG;
				SWIFT_OPTIMIZATION_LEVEL = "-Onone";
			};
			name = Debug;
		};
		833365EC245C7D780085C22E /* Release */ = {
			isa = XCBuildConfiguration;
			buildSettings = {
				ALWAYS_SEARCH_USER_PATHS = NO;
				CLANG_ANALYZER_NONNULL = YES;
				CLANG_ANALYZER_NUMBER_OBJECT_CONVERSION = YES_AGGRESSIVE;
				CLANG_CXX_LANGUAGE_STANDARD = "gnu++14";
				CLANG_CXX_LIBRARY = "libc++";
				CLANG_ENABLE_MODULES = YES;
				CLANG_ENABLE_OBJC_ARC = YES;
				CLANG_ENABLE_OBJC_WEAK = YES;
				CLANG_WARN_BLOCK_CAPTURE_AUTORELEASING = YES;
				CLANG_WARN_BOOL_CONVERSION = YES;
				CLANG_WARN_COMMA = YES;
				CLANG_WARN_CONSTANT_CONVERSION = YES;
				CLANG_WARN_DEPRECATED_OBJC_IMPLEMENTATIONS = YES;
				CLANG_WARN_DIRECT_OBJC_ISA_USAGE = YES_ERROR;
				CLANG_WARN_DOCUMENTATION_COMMENTS = YES;
				CLANG_WARN_EMPTY_BODY = YES;
				CLANG_WARN_ENUM_CONVERSION = YES;
				CLANG_WARN_INFINITE_RECURSION = YES;
				CLANG_WARN_INT_CONVERSION = YES;
				CLANG_WARN_NON_LITERAL_NULL_CONVERSION = YES;
				CLANG_WARN_OBJC_IMPLICIT_RETAIN_SELF = YES;
				CLANG_WARN_OBJC_LITERAL_CONVERSION = YES;
				CLANG_WARN_OBJC_ROOT_CLASS = YES_ERROR;
				CLANG_WARN_RANGE_LOOP_ANALYSIS = YES;
				CLANG_WARN_STRICT_PROTOTYPES = YES;
				CLANG_WARN_SUSPICIOUS_MOVE = YES;
				CLANG_WARN_UNGUARDED_AVAILABILITY = YES_AGGRESSIVE;
				CLANG_WARN_UNREACHABLE_CODE = YES;
				CLANG_WARN__DUPLICATE_METHOD_MATCH = YES;
				COPY_PHASE_STRIP = NO;
				DEBUG_INFORMATION_FORMAT = "dwarf-with-dsym";
				ENABLE_NS_ASSERTIONS = NO;
				ENABLE_STRICT_OBJC_MSGSEND = YES;
				GCC_C_LANGUAGE_STANDARD = gnu11;
				GCC_NO_COMMON_BLOCKS = YES;
				GCC_WARN_64_TO_32_BIT_CONVERSION = YES;
				GCC_WARN_ABOUT_RETURN_TYPE = YES_ERROR;
				GCC_WARN_UNDECLARED_SELECTOR = YES;
				GCC_WARN_UNINITIALIZED_AUTOS = YES_AGGRESSIVE;
				GCC_WARN_UNUSED_FUNCTION = YES;
				GCC_WARN_UNUSED_VARIABLE = YES;
				MACOSX_DEPLOYMENT_TARGET = 10.15;
				MTL_ENABLE_DEBUG_INFO = NO;
				MTL_FAST_MATH = YES;
				SDKROOT = macosx;
				SWIFT_COMPILATION_MODE = wholemodule;
				SWIFT_OPTIMIZATION_LEVEL = "-O";
			};
			name = Release;
		};
		833365EE245C7D780085C22E /* Debug */ = {
			isa = XCBuildConfiguration;
			buildSettings = {
				CLANG_ENABLE_MODULES = YES;
				CODE_SIGN_STYLE = Automatic;
				DEVELOPMENT_TEAM = JB6W92P2X6;
				ENABLE_HARDENED_RUNTIME = YES;
				LD_RUNPATH_SEARCH_PATHS = (
					"$(inherited)",
					"@executable_path/../Frameworks",
					"@loader_path/../Frameworks",
				);
				PRODUCT_NAME = "$(TARGET_NAME)";
				SWIFT_OPTIMIZATION_LEVEL = "-Onone";
				SWIFT_VERSION = 5.0;
			};
			name = Debug;
		};
		833365EF245C7D780085C22E /* Release */ = {
			isa = XCBuildConfiguration;
			buildSettings = {
				CLANG_ENABLE_MODULES = YES;
				CODE_SIGN_STYLE = Automatic;
				DEVELOPMENT_TEAM = JB6W92P2X6;
				ENABLE_HARDENED_RUNTIME = YES;
				LD_RUNPATH_SEARCH_PATHS = (
					"$(inherited)",
					"@executable_path/../Frameworks",
					"@loader_path/../Frameworks",
				);
				PRODUCT_NAME = "$(TARGET_NAME)";
				SWIFT_VERSION = 5.0;
			};
			name = Release;
		};
/* End XCBuildConfiguration section */

/* Begin XCConfigurationList section */
		833365E1245C7D770085C22E /* Build configuration list for PBXProject "Mac" */ = {
			isa = XCConfigurationList;
			buildConfigurations = (
				833365EB245C7D780085C22E /* Debug */,
				833365EC245C7D780085C22E /* Release */,
			);
			defaultConfigurationIsVisible = 0;
			defaultConfigurationName = Release;
		};
		833365ED245C7D780085C22E /* Build configuration list for PBXNativeTarget "DIYDragy" */ = {
			isa = XCConfigurationList;
			buildConfigurations = (
				833365EE245C7D780085C22E /* Debug */,
				833365EF245C7D780085C22E /* Release */,
			);
			defaultConfigurationIsVisible = 0;
			defaultConfigurationName = Release;
		};
/* End XCConfigurationList section */

/* Begin XCRemoteSwiftPackageReference section */
		83F502E82469EE6100A5440E /* XCRemoteSwiftPackageReference "Lilliput" */ = {
			isa = XCRemoteSwiftPackageReference;
			repositoryURL = "https://github.com/jkolb/Lilliput";
			requirement = {
				kind = upToNextMajorVersion;
				minimumVersion = 9.2.0;
			};
		};
/* End XCRemoteSwiftPackageReference section */

/* Begin XCSwiftPackageProductDependency section */
		83F502E92469EE6100A5440E /* Lilliput */ = {
			isa = XCSwiftPackageProductDependency;
			package = 83F502E82469EE6100A5440E /* XCRemoteSwiftPackageReference "Lilliput" */;
			productName = Lilliput;
		};
/* End XCSwiftPackageProductDependency section */
	};
	rootObject = 833365DE245C7D770085C22E /* Project object */;
}
